
Microsoft Visual Studio Solution File, Format Version 12.00
# Visual Studio Version 17
VisualStudioVersion = 17.14.36414.22 d17.14
MinimumVisualStudioVersion = 10.0.40219.1
Project("{FAE04EC0-301F-11D3-BF4B-00C04F79EFBC}") = "RMVSIY001_INF3003W_RazorPagesMovie", "RMVSIY001_INF3003W_RazorPagesMovie.csproj", "{3EFBA69E-7450-4EB7-ABDC-EAF5F152B21B}"
EndProject
Global
	GlobalSection(SolutionConfigurationPlatforms) = preSolution
		Debug|Any CPU = Debug|Any CPU
		Release|Any CPU = Release|Any CPU
	EndGlobalSection
	GlobalSection(ProjectConfigurationPlatforms) = postSolution
		{3EFBA69E-7450-4EB7-ABDC-EAF5F152B21B}.Debug|Any CPU.ActiveCfg = Debug|Any CPU
		{3EFBA69E-7450-4EB7-ABDC-EAF5F152B21B}.Debug|Any CPU.Build.0 = Debug|Any CPU
		{3EFBA69E-7450-4EB7-ABDC-EAF5F152B21B}.Release|Any CPU.ActiveCfg = Release|Any CPU
		{3EFBA69E-7450-4EB7-ABDC-EAF5F152B21B}.Release|Any CPU.Build.0 = Release|Any CPU
	EndGlobalSection
	GlobalSection(SolutionProperties) = preSolution
		HideSolutionNode = FALSE
	EndGlobalSection
	GlobalSection(ExtensibilityGlobals) = postSolution
		SolutionGuid = {B826F5EE-2AA5-430F-8218-D680EE23342B}
	EndGlobalSection
EndGlobal
